dependencies:
- name: helm-product
  repository: oci://ghcr.io/onecx/charts
  version: 0.2.0
- name: onecx-bookmark-svc
  repository: oci://ghcr.io/onecx/charts
  version: 0.0.0-rc.31
- name: onecx-bookmark-bff
  repository: oci://ghcr.io/onecx/charts
  version: 0.0.0-rc.27
- name: onecx-bookmark-ui
  repository: oci://ghcr.io/onecx/charts
  version: 0.0.0-rc.49
digest: sha256:446d07c672ac5daefb0b95f4577e618af3c32ca1f58dced8475db6183452aa28
generated: "2025-01-17T09:08:12.79679607Z"
