dependencies:
- name: helm-product
  repository: oci://ghcr.io/onecx/charts
  version: 0.4.0
- name: onecx-bookmark-svc
  repository: oci://ghcr.io/onecx/charts
  version: 0.0.0-rc.114
- name: onecx-bookmark-bff
  repository: oci://ghcr.io/onecx/charts
  version: 0.0.0-rc.103
- name: onecx-bookmark-ui
  repository: oci://ghcr.io/onecx/charts
  version: 0.0.0-rc.130
digest: sha256:18b91f2c13060d9020bb2136d31c580d35f3a337d3b4d80e9808abd8dcf54b35
generated: "2026-04-17T06:38:44.439150787Z"
