dependencies:
- name: helm-product
  repository: oci://ghcr.io/onecx/charts
  version: 0.2.0
- name: onecx-bookmark-svc
  repository: oci://ghcr.io/onecx/charts
  version: 0.0.0-rc.10
- name: onecx-bookmark-bff
  repository: oci://ghcr.io/onecx/charts
  version: 0.0.0-rc.6
- name: onecx-bookmark-ui
  repository: oci://ghcr.io/onecx/charts
  version: 0.0.0-rc.16
digest: sha256:c24b5d40c8cdf427c1486cc06ca37764d5c55b06861cd44b6cd93f564ddb7ce0
generated: "2024-09-17T12:46:17.498138241Z"
